
Microsoft Visual Studio Solution File, Format Version 12.00
# Visual Studio Version 17
VisualStudioVersion = 17.5.33424.131
MinimumVisualStudioVersion = 10.0.40219.1
Project("{FAE04EC0-301F-11D3-BF4B-00C04F79EFBC}") = "MiniSuperPF_YustinA.Android", "MiniSuperPF_YustinA\MiniSuperPF_YustinA.Android\MiniSuperPF_YustinA.Android.csproj", "{AE8D1B54-409D-461D-BF65-684697469A91}"
EndProject
Project("{FAE04EC0-301F-11D3-BF4B-00C04F79EFBC}") = "MiniSuperPF_YustinA.iOS", "MiniSuperPF_YustinA\MiniSuperPF_YustinA.iOS\MiniSuperPF_YustinA.iOS.csproj", "{2E87E261-D6D8-4395-AB82-383BE6FA5F12}"
EndProject
Project("{FAE04EC0-301F-11D3-BF4B-00C04F79EFBC}") = "MiniSuperPF_YustinA", "MiniSuperPF_YustinA\MiniSuperPF_YustinA\MiniSuperPF_YustinA.csproj", "{562996FC-E621-4449-BEBC-9920A1F10CBE}"
EndProject
Global
	GlobalSection(SolutionConfigurationPlatforms) = preSolution
		Debug|Any CPU = Debug|Any CPU
		Debug|iPhone = Debug|iPhone
		Debug|iPhoneSimulator = Debug|iPhoneSimulator
		Release|Any CPU = Release|Any CPU
		Release|iPhone = Release|iPhone
		Release|iPhoneSimulator = Release|iPhoneSimulator
	EndGlobalSection
	GlobalSection(ProjectConfigurationPlatforms) = postSolution
		{AE8D1B54-409D-461D-BF65-684697469A91}.Debug|Any CPU.ActiveCfg = Debug|Any CPU
		{AE8D1B54-409D-461D-BF65-684697469A91}.Debug|Any CPU.Build.0 = Debug|Any CPU
		{AE8D1B54-409D-461D-BF65-684697469A91}.Debug|Any CPU.Deploy.0 = Debug|Any CPU
		{AE8D1B54-409D-461D-BF65-684697469A91}.Debug|iPhone.ActiveCfg = Debug|Any CPU
		{AE8D1B54-409D-461D-BF65-684697469A91}.Debug|iPhone.Build.0 = Debug|Any CPU
		{AE8D1B54-409D-461D-BF65-684697469A91}.Debug|iPhone.Deploy.0 = Debug|Any CPU
		{AE8D1B54-409D-461D-BF65-684697469A91}.Debug|iPhoneSimulator.ActiveCfg = Debug|Any CPU
		{AE8D1B54-409D-461D-BF65-684697469A91}.Debug|iPhoneSimulator.Build.0 = Debug|Any CPU
		{AE8D1B54-409D-461D-BF65-684697469A91}.Debug|iPhoneSimulator.Deploy.0 = Debug|Any CPU
		{AE8D1B54-409D-461D-BF65-684697469A91}.Release|Any CPU.ActiveCfg = Release|Any CPU
		{AE8D1B54-409D-461D-BF65-684697469A91}.Release|Any CPU.Build.0 = Release|Any CPU
		{AE8D1B54-409D-461D-BF65-684697469A91}.Release|Any CPU.Deploy.0 = Release|Any CPU
		{AE8D1B54-409D-461D-BF65-684697469A91}.Release|iPhone.ActiveCfg = Release|Any CPU
		{AE8D1B54-409D-461D-BF65-684697469A91}.Release|iPhone.Build.0 = Release|Any CPU
		{AE8D1B54-409D-461D-BF65-684697469A91}.Release|iPhone.Deploy.0 = Release|Any CPU
		{AE8D1B54-409D-461D-BF65-684697469A91}.Release|iPhoneSimulator.ActiveCfg = Release|Any CPU
		{AE8D1B54-409D-461D-BF65-684697469A91}.Release|iPhoneSimulator.Build.0 = Release|Any CPU
		{AE8D1B54-409D-461D-BF65-684697469A91}.Release|iPhoneSimulator.Deploy.0 = Release|Any CPU
		{2E87E261-D6D8-4395-AB82-383BE6FA5F12}.Debug|Any CPU.ActiveCfg = Debug|iPhone
		{2E87E261-D6D8-4395-AB82-383BE6FA5F12}.Debug|Any CPU.Build.0 = Debug|iPhone
		{2E87E261-D6D8-4395-AB82-383BE6FA5F12}.Debug|Any CPU.Deploy.0 = Debug|iPhone
		{2E87E261-D6D8-4395-AB82-383BE6FA5F12}.Debug|iPhone.ActiveCfg = Debug|iPhone
		{2E87E261-D6D8-4395-AB82-383BE6FA5F12}.Debug|iPhone.Build.0 = Debug|iPhone
		{2E87E261-D6D8-4395-AB82-383BE6FA5F12}.Debug|iPhone.Deploy.0 = Debug|iPhone
		{2E87E261-D6D8-4395-AB82-383BE6FA5F12}.Debug|iPhoneSimulator.ActiveCfg = Debug|iPhoneSimulator
		{2E87E261-D6D8-4395-AB82-383BE6FA5F12}.Debug|iPhoneSimulator.Build.0 = Debug|iPhoneSimulator
		{2E87E261-D6D8-4395-AB82-383BE6FA5F12}.Debug|iPhoneSimulator.Deploy.0 = Debug|iPhoneSimulator
		{2E87E261-D6D8-4395-AB82-383BE6FA5F12}.Release|Any CPU.ActiveCfg = Release|iPhoneSimulator
		{2E87E261-D6D8-4395-AB82-383BE6FA5F12}.Release|Any CPU.Build.0 = Release|iPhoneSimulator
		{2E87E261-D6D8-4395-AB82-383BE6FA5F12}.Release|Any CPU.Deploy.0 = Release|iPhoneSimulator
		{2E87E261-D6D8-4395-AB82-383BE6FA5F12}.Release|iPhone.ActiveCfg = Release|iPhone
		{2E87E261-D6D8-4395-AB82-383BE6FA5F12}.Release|iPhone.Build.0 = Release|iPhone
		{2E87E261-D6D8-4395-AB82-383BE6FA5F12}.Release|iPhone.Deploy.0 = Release|iPhone
		{2E87E261-D6D8-4395-AB82-383BE6FA5F12}.Release|iPhoneSimulator.ActiveCfg = Release|iPhoneSimulator
		{2E87E261-D6D8-4395-AB82-383BE6FA5F12}.Release|iPhoneSimulator.Build.0 = Release|iPhoneSimulator
		{2E87E261-D6D8-4395-AB82-383BE6FA5F12}.Release|iPhoneSimulator.Deploy.0 = Release|iPhoneSimulator
		{562996FC-E621-4449-BEBC-9920A1F10CBE}.Debug|Any CPU.ActiveCfg = Debug|Any CPU
		{562996FC-E621-4449-BEBC-9920A1F10CBE}.Debug|Any CPU.Build.0 = Debug|Any CPU
		{562996FC-E621-4449-BEBC-9920A1F10CBE}.Debug|Any CPU.Deploy.0 = Debug|Any CPU
		{562996FC-E621-4449-BEBC-9920A1F10CBE}.Debug|iPhone.ActiveCfg = Debug|Any CPU
		{562996FC-E621-4449-BEBC-9920A1F10CBE}.Debug|iPhone.Build.0 = Debug|Any CPU
		{562996FC-E621-4449-BEBC-9920A1F10CBE}.Debug|iPhone.Deploy.0 = Debug|Any CPU
		{562996FC-E621-4449-BEBC-9920A1F10CBE}.Debug|iPhoneSimulator.ActiveCfg = Debug|Any CPU
		{562996FC-E621-4449-BEBC-9920A1F10CBE}.Debug|iPhoneSimulator.Build.0 = Debug|Any CPU
		{562996FC-E621-4449-BEBC-9920A1F10CBE}.Debug|iPhoneSimulator.Deploy.0 = Debug|Any CPU
		{562996FC-E621-4449-BEBC-9920A1F10CBE}.Release|Any CPU.ActiveCfg = Release|Any CPU
		{562996FC-E621-4449-BEBC-9920A1F10CBE}.Release|Any CPU.Build.0 = Release|Any CPU
		{562996FC-E621-4449-BEBC-9920A1F10CBE}.Release|Any CPU.Deploy.0 = Release|Any CPU
		{562996FC-E621-4449-BEBC-9920A1F10CBE}.Release|iPhone.ActiveCfg = Release|Any CPU
		{562996FC-E621-4449-BEBC-9920A1F10CBE}.Release|iPhone.Build.0 = Release|Any CPU
		{562996FC-E621-4449-BEBC-9920A1F10CBE}.Release|iPhone.Deploy.0 = Release|Any CPU
		{562996FC-E621-4449-BEBC-9920A1F10CBE}.Release|iPhoneSimulator.ActiveCfg = Release|Any CPU
		{562996FC-E621-4449-BEBC-9920A1F10CBE}.Release|iPhoneSimulator.Build.0 = Release|Any CPU
		{562996FC-E621-4449-BEBC-9920A1F10CBE}.Release|iPhoneSimulator.Deploy.0 = Release|Any CPU
	EndGlobalSection
	GlobalSection(SolutionProperties) = preSolution
		HideSolutionNode = FALSE
	EndGlobalSection
	GlobalSection(ExtensibilityGlobals) = postSolution
		SolutionGuid = {116AA4FB-7093-44BB-9849-B36D8757F9A6}
	EndGlobalSection
EndGlobal
